
Microsoft Visual Studio Solution File, Format Version 12.00
# Visual Studio Version 16
VisualStudioVersion = 16.0.29503.13
MinimumVisualStudioVersion = 10.0.40219.1
Project("{FAE04EC0-301F-11D3-BF4B-00C04F79EFBC}") = "CatalogLevelWF_MVP", "CatalogLevelWF_MVP\CatalogLevelWF_MVP.csproj", "{9ECD1AB9-3FEA-4717-9FE0-B56CC4F57393}"
EndProject
Global
	GlobalSection(SolutionConfigurationPlatforms) = preSolution
		Debug|Any CPU = Debug|Any CPU
		Release|Any CPU = Release|Any CPU
	EndGlobalSection
	GlobalSection(ProjectConfigurationPlatforms) = postSolution
		{9ECD1AB9-3FEA-4717-9FE0-B56CC4F57393}.Debug|Any CPU.ActiveCfg = Debug|Any CPU
		{9ECD1AB9-3FEA-4717-9FE0-B56CC4F57393}.Debug|Any CPU.Build.0 = Debug|Any CPU
		{9ECD1AB9-3FEA-4717-9FE0-B56CC4F57393}.Release|Any CPU.ActiveCfg = Release|Any CPU
		{9ECD1AB9-3FEA-4717-9FE0-B56CC4F57393}.Release|Any CPU.Build.0 = Release|Any CPU
	EndGlobalSection
	GlobalSection(SolutionProperties) = preSolution
		HideSolutionNode = FALSE
	EndGlobalSection
	GlobalSection(ExtensibilityGlobals) = postSolution
		SolutionGuid = {B302F3CD-C01F-49E1-B099-EF306232B2F8}
	EndGlobalSection
EndGlobal
